{
  "name": "acorn-hc",
  "version": "0.4.0",
  "lockfileVersion": 1,
  "requires": true,
  "dependencies": {
    "@holochain-open-dev/holochain-run-dna": {
      "version": "0.1.13",
      "resolved": "https://registry.npmjs.org/@holochain-open-dev/holochain-run-dna/-/holochain-run-dna-0.1.13.tgz",
      "integrity": "sha512-RApgN8qyn9ygPTvzNSp+vcKVw6ZstypyDuqBGl7ueCiAgqgJ8C6l1IppaQ6QLYaQIAUA7/FuEOzyh9CFUTPvIw==",
      "requires": {
        "@holochain/conductor-api": "0.0.1-dev.8",
        "fs": "0.0.1-security",
        "tmp": "^0.2.1"
      }
    },
    "@holochain/conductor-api": {
      "version": "0.0.1-dev.8",
      "resolved": "https://registry.npmjs.org/@holochain/conductor-api/-/conductor-api-0.0.1-dev.8.tgz",
      "integrity": "sha512-/jWXcLNg8a7Gl6TirRT5qsyHfljdfDniymSp/osZXu0CYSANXR3nOmOKXuJ+5jEACfybVxnOz8tUezKYkPGT7w==",
      "requires": {
        "@types/ws": "^7.2.4",
        "isomorphic-ws": "^4.0.1",
        "msgpack-lite": "^0.1.26",
        "nanoid": "^3.1.9",
        "ws": "^7.3.0"
      }
    },
    "@types/node": {
      "version": "14.11.2",
      "resolved": "https://registry.npmjs.org/@types/node/-/node-14.11.2.tgz",
      "integrity": "sha512-jiE3QIxJ8JLNcb1Ps6rDbysDhN4xa8DJJvuC9prr6w+1tIh+QAbYyNF3tyiZNLDBIuBCf4KEcV2UvQm/V60xfA=="
    },
    "@types/ws": {
      "version": "7.2.7",
      "resolved": "https://registry.npmjs.org/@types/ws/-/ws-7.2.7.tgz",
      "integrity": "sha512-UUFC/xxqFLP17hTva8/lVT0SybLUrfSD9c+iapKb0fEiC8uoDbA+xuZ3pAN603eW+bY8ebSMLm9jXdIPnD0ZgA==",
      "requires": {
        "@types/node": "*"
      }
    },
    "balanced-match": {
      "version": "1.0.0",
      "resolved": "https://registry.npmjs.org/balanced-match/-/balanced-match-1.0.0.tgz",
      "integrity": "sha1-ibTRmasr7kneFk6gK4nORi1xt2c="
    },
    "brace-expansion": {
      "version": "1.1.11",
      "resolved": "https://registry.npmjs.org/brace-expansion/-/brace-expansion-1.1.11.tgz",
      "integrity": "sha512-iCuPHDFgrHX7H2vEI/5xpz07zSHB00TpugqhmYtVmMO6518mCuRMoOYFldEBl0g187ufozdaHgWKcYFb61qGiA==",
      "requires": {
        "balanced-match": "^1.0.0",
        "concat-map": "0.0.1"
      }
    },
    "concat-map": {
      "version": "0.0.1",
      "resolved": "https://registry.npmjs.org/concat-map/-/concat-map-0.0.1.tgz",
      "integrity": "sha1-2Klr13/Wjfd5OnMDajug1UBdR3s="
    },
    "event-lite": {
      "version": "0.1.2",
      "resolved": "https://registry.npmjs.org/event-lite/-/event-lite-0.1.2.tgz",
      "integrity": "sha512-HnSYx1BsJ87/p6swwzv+2v6B4X+uxUteoDfRxsAb1S1BePzQqOLevVmkdA15GHJVd9A9Ok6wygUR18Hu0YeV9g=="
    },
    "fs": {
      "version": "0.0.1-security",
      "resolved": "https://registry.npmjs.org/fs/-/fs-0.0.1-security.tgz",
      "integrity": "sha1-invTcYa23d84E/I4WLV+yq9eQdQ="
    },
    "fs.realpath": {
      "version": "1.0.0",
      "resolved": "https://registry.npmjs.org/fs.realpath/-/fs.realpath-1.0.0.tgz",
      "integrity": "sha1-FQStJSMVjKpA20onh8sBQRmU6k8="
    },
    "glob": {
      "version": "7.1.6",
      "resolved": "https://registry.npmjs.org/glob/-/glob-7.1.6.tgz",
      "integrity": "sha512-LwaxwyZ72Lk7vZINtNNrywX0ZuLyStrdDtabefZKAY5ZGJhVtgdznluResxNmPitE0SAO+O26sWTHeKSI2wMBA==",
      "requires": {
        "fs.realpath": "^1.0.0",
        "inflight": "^1.0.4",
        "inherits": "2",
        "minimatch": "^3.0.4",
        "once": "^1.3.0",
        "path-is-absolute": "^1.0.0"
      }
    },
    "ieee754": {
      "version": "1.1.13",
      "resolved": "https://registry.npmjs.org/ieee754/-/ieee754-1.1.13.tgz",
      "integrity": "sha512-4vf7I2LYV/HaWerSo3XmlMkp5eZ83i+/CDluXi/IGTs/O1sejBNhTtnxzmRZfvOUqj7lZjqHkeTvpgSFDlWZTg=="
    },
    "inflight": {
      "version": "1.0.6",
      "resolved": "https://registry.npmjs.org/inflight/-/inflight-1.0.6.tgz",
      "integrity": "sha1-Sb1jMdfQLQwJvJEKEHW6gWW1bfk=",
      "requires": {
        "once": "^1.3.0",
        "wrappy": "1"
      }
    },
    "inherits": {
      "version": "2.0.4",
      "resolved": "https://registry.npmjs.org/inherits/-/inherits-2.0.4.tgz",
      "integrity": "sha512-k/vGaX4/Yla3WzyMCvTQOXYeIHvqOKtnqBduzTHpzpQZzAskKMhZ2K+EnBiSM9zGSoIFeMpXKxa4dYeZIQqewQ=="
    },
    "int64-buffer": {
      "version": "0.1.10",
      "resolved": "https://registry.npmjs.org/int64-buffer/-/int64-buffer-0.1.10.tgz",
      "integrity": "sha1-J3siiofZWtd30HwTgyAiQGpHNCM="
    },
    "isarray": {
      "version": "1.0.0",
      "resolved": "https://registry.npmjs.org/isarray/-/isarray-1.0.0.tgz",
      "integrity": "sha1-u5NdSFgsuhaMBoNJV6VKPgcSTxE="
    },
    "isomorphic-ws": {
      "version": "4.0.1",
      "resolved": "https://registry.npmjs.org/isomorphic-ws/-/isomorphic-ws-4.0.1.tgz",
      "integrity": "sha512-BhBvN2MBpWTaSHdWRb/bwdZJ1WaehQ2L1KngkCkfLUGF0mAWAT1sQUQacEmQ0jXkFw/czDXPNQSL5u2/Krsz1w=="
    },
    "minimatch": {
      "version": "3.0.4",
      "resolved": "https://registry.npmjs.org/minimatch/-/minimatch-3.0.4.tgz",
      "integrity": "sha512-yJHVQEhyqPLUTgt9B83PXu6W3rx4MvvHvSUvToogpwoGDOUQ+yDrR0HRot+yOCdCO7u4hX3pWft6kWBBcqh0UA==",
      "requires": {
        "brace-expansion": "^1.1.7"
      }
    },
    "msgpack-lite": {
      "version": "0.1.26",
      "resolved": "https://registry.npmjs.org/msgpack-lite/-/msgpack-lite-0.1.26.tgz",
      "integrity": "sha1-3TxQsm8FnyXn7e42REGDWOKprYk=",
      "requires": {
        "event-lite": "^0.1.1",
        "ieee754": "^1.1.8",
        "int64-buffer": "^0.1.9",
        "isarray": "^1.0.0"
      }
    },
    "nanoid": {
      "version": "3.1.12",
      "resolved": "https://registry.npmjs.org/nanoid/-/nanoid-3.1.12.tgz",
      "integrity": "sha512-1qstj9z5+x491jfiC4Nelk+f8XBad7LN20PmyWINJEMRSf3wcAjAWysw1qaA8z6NSKe2sjq1hRSDpBH5paCb6A=="
    },
    "once": {
      "version": "1.4.0",
      "resolved": "https://registry.npmjs.org/once/-/once-1.4.0.tgz",
      "integrity": "sha1-WDsap3WWHUsROsF9nFC6753Xa9E=",
      "requires": {
        "wrappy": "1"
      }
    },
    "path-is-absolute": {
      "version": "1.0.1",
      "resolved": "https://registry.npmjs.org/path-is-absolute/-/path-is-absolute-1.0.1.tgz",
      "integrity": "sha1-F0uSaHNVNP+8es5r9TpanhtcX18="
    },
    "rimraf": {
      "version": "3.0.2",
      "resolved": "https://registry.npmjs.org/rimraf/-/rimraf-3.0.2.tgz",
      "integrity": "sha512-JZkJMZkAGFFPP2YqXZXPbMlMBgsxzE8ILs4lMIX/2o0L9UBw9O/Y3o6wFw/i9YLapcUJWwqbi3kdxIPdC62TIA==",
      "requires": {
        "glob": "^7.1.3"
      }
    },
    "tmp": {
      "version": "0.2.1",
      "resolved": "https://registry.npmjs.org/tmp/-/tmp-0.2.1.tgz",
      "integrity": "sha512-76SUhtfqR2Ijn+xllcI5P1oyannHNHByD80W1q447gU3mp9G9PSpGdWmjUOHRDPiHYacIk66W7ubDTuPF3BEtQ==",
      "requires": {
        "rimraf": "^3.0.0"
      }
    },
    "wrappy": {
      "version": "1.0.2",
      "resolved": "https://registry.npmjs.org/wrappy/-/wrappy-1.0.2.tgz",
      "integrity": "sha1-tSQ9jz7BqjXxNkYFvA0QNuMKtp8="
    },
    "ws": {
      "version": "7.3.1",
      "resolved": "https://registry.npmjs.org/ws/-/ws-7.3.1.tgz",
      "integrity": "sha512-D3RuNkynyHmEJIpD2qrgVkc9DQ23OrN/moAwZX4L8DfvszsJxpjQuUq3LMx6HoYji9fbIOBY18XWBsAux1ZZUA=="
    }
  }
}
